// !$*UTF8*$!
{
	archiveVersion = 1;
	classes = {
	};
	objectVersion = 56;
	objects = {

/* Begin PBXBuildFile section */
		380227142AFDC38E0065F363 /* MealMetadataMO.swift in Sources */ = {isa = PBXBuildFile; fileRef = 380227132AFDC38E0065F363 /* MealMetadataMO.swift */; };
		380227162AFDC4010065F363 /* MealIngredientMO.swift in Sources */ = {isa = PBXBuildFile; fileRef = 380227152AFDC4010065F363 /* MealIngredientMO.swift */; };
		3819E50D2AFD832A00547EA3 /* BaseStorageManager.swift in Sources */ = {isa = PBXBuildFile; fileRef = 3819E50C2AFD832A00547EA3 /* BaseStorageManager.swift */; };
		3819E5102AFD837B00547EA3 /* BaseRemoteStorage.swift in Sources */ = {isa = PBXBuildFile; fileRef = 3819E50F2AFD837B00547EA3 /* BaseRemoteStorage.swift */; };
		3819E5122AFD840C00547EA3 /* BaseRemoteStorageRequest.swift in Sources */ = {isa = PBXBuildFile; fileRef = 3819E5112AFD840C00547EA3 /* BaseRemoteStorageRequest.swift */; };
		3819E5142AFD841800547EA3 /* BaseRemoteStorageRequestExecutor.swift in Sources */ = {isa = PBXBuildFile; fileRef = 3819E5132AFD841800547EA3 /* BaseRemoteStorageRequestExecutor.swift */; };
		3819E5182AFD8F6B00547EA3 /* Meal.swift in Sources */ = {isa = PBXBuildFile; fileRef = 3819E5172AFD8F6B00547EA3 /* Meal.swift */; };
		3819E51A2AFD8F9F00547EA3 /* MealMO.swift in Sources */ = {isa = PBXBuildFile; fileRef = 3819E5192AFD8F9F00547EA3 /* MealMO.swift */; };
		3819E51C2AFD926A00547EA3 /* MealCategory.swift in Sources */ = {isa = PBXBuildFile; fileRef = 3819E51B2AFD926A00547EA3 /* MealCategory.swift */; };
		3819E51E2AFD92FB00547EA3 /* MealCategoryMO.swift in Sources */ = {isa = PBXBuildFile; fileRef = 3819E51D2AFD92FB00547EA3 /* MealCategoryMO.swift */; };
		3819E5202AFDA26B00547EA3 /* MealMetadata.swift in Sources */ = {isa = PBXBuildFile; fileRef = 3819E51F2AFDA26B00547EA3 /* MealMetadata.swift */; };
		3819E5222AFDA55100547EA3 /* MealIngredient.swift in Sources */ = {isa = PBXBuildFile; fileRef = 3819E5212AFDA55100547EA3 /* MealIngredient.swift */; };
		3833C87B2AFF585A00F7AF76 /* IStorageManager.swift in Sources */ = {isa = PBXBuildFile; fileRef = 3833C87A2AFF585A00F7AF76 /* IStorageManager.swift */; };
		3833C87D2B01B0BF00F7AF76 /* PersistentContainer.swift in Sources */ = {isa = PBXBuildFile; fileRef = 3833C87C2B01B0BF00F7AF76 /* PersistentContainer.swift */; };
		3833C87F2B01B0E700F7AF76 /* PersistentContainerProvider.swift in Sources */ = {isa = PBXBuildFile; fileRef = 3833C87E2B01B0E700F7AF76 /* PersistentContainerProvider.swift */; };
		3833C8812B01EA6E00F7AF76 /* IPredicateKeys.swift in Sources */ = {isa = PBXBuildFile; fileRef = 3833C8802B01EA6E00F7AF76 /* IPredicateKeys.swift */; };
		3833C8832B02AFDB00F7AF76 /* IPropertiesRepresantable.swift in Sources */ = {isa = PBXBuildFile; fileRef = 3833C8822B02AFDB00F7AF76 /* IPropertiesRepresantable.swift */; };
		3833C8852B032C8700F7AF76 /* MockMealCategoryValid.json in Resources */ = {isa = PBXBuildFile; fileRef = 3833C8842B032C8700F7AF76 /* MockMealCategoryValid.json */; };
		3833C8872B032C9100F7AF76 /* MockMealCategoryInvalid.json in Resources */ = {isa = PBXBuildFile; fileRef = 3833C8862B032C9000F7AF76 /* MockMealCategoryInvalid.json */; };
		3833C88E2B0496B800F7AF76 /* IWrapperObject.swift in Sources */ = {isa = PBXBuildFile; fileRef = 3833C88D2B0496B800F7AF76 /* IWrapperObject.swift */; };
		3833C8962B04A19B00F7AF76 /* MockMealByIdInvalid.json in Resources */ = {isa = PBXBuildFile; fileRef = 3833C8942B04A19B00F7AF76 /* MockMealByIdInvalid.json */; };
		3833C8972B04A19B00F7AF76 /* MockMealByIdValid.json in Resources */ = {isa = PBXBuildFile; fileRef = 3833C8952B04A19B00F7AF76 /* MockMealByIdValid.json */; };
		3833C89A2B04A36B00F7AF76 /* MockMealByCategoryNameInvalid.json in Resources */ = {isa = PBXBuildFile; fileRef = 3833C8982B04A36A00F7AF76 /* MockMealByCategoryNameInvalid.json */; };
		3833C89B2B04A36B00F7AF76 /* MockMealByCategoryNameValid.json in Resources */ = {isa = PBXBuildFile; fileRef = 3833C8992B04A36B00F7AF76 /* MockMealByCategoryNameValid.json */; };
		3868BD0F2AFD66F70079CB60 /* FetchChallengeApp.swift in Sources */ = {isa = PBXBuildFile; fileRef = 3868BD0E2AFD66F70079CB60 /* FetchChallengeApp.swift */; };
		3868BD112AFD66F70079CB60 /* ContentView.swift in Sources */ = {isa = PBXBuildFile; fileRef = 3868BD102AFD66F70079CB60 /* ContentView.swift */; };
		3868BD132AFD66F90079CB60 /* Assets.xcassets in Resources */ = {isa = PBXBuildFile; fileRef = 3868BD122AFD66F90079CB60 /* Assets.xcassets */; };
		3868BD162AFD66F90079CB60 /* Preview Assets.xcassets in Resources */ = {isa = PBXBuildFile; fileRef = 3868BD152AFD66F90079CB60 /* Preview Assets.xcassets */; };
		3868BD1B2AFD66F90079CB60 /* FetchChallenge.xcdatamodeld in Sources */ = {isa = PBXBuildFile; fileRef = 3868BD192AFD66F90079CB60 /* FetchChallenge.xcdatamodeld */; };
		3868BD252AFD66F90079CB60 /* FetchChallengeTests.swift in Sources */ = {isa = PBXBuildFile; fileRef = 3868BD242AFD66F90079CB60 /* FetchChallengeTests.swift */; };
		3868BD2F2AFD66F90079CB60 /* FetchChallengeUITests.swift in Sources */ = {isa = PBXBuildFile; fileRef = 3868BD2E2AFD66F90079CB60 /* FetchChallengeUITests.swift */; };
		3868BD312AFD66F90079CB60 /* FetchChallengeUITestsLaunchTests.swift in Sources */ = {isa = PBXBuildFile; fileRef = 3868BD302AFD66F90079CB60 /* FetchChallengeUITestsLaunchTests.swift */; };
		38C055CA2AFD689100FA36DD /* HTTPRequest.swift in Sources */ = {isa = PBXBuildFile; fileRef = 38C055C92AFD689100FA36DD /* HTTPRequest.swift */; };
		38C055CC2AFD689C00FA36DD /* HTTPRequestExecutor.swift in Sources */ = {isa = PBXBuildFile; fileRef = 38C055CB2AFD689C00FA36DD /* HTTPRequestExecutor.swift */; };
		38C055CE2AFD68CB00FA36DD /* IRequest.swift in Sources */ = {isa = PBXBuildFile; fileRef = 38C055CD2AFD68CB00FA36DD /* IRequest.swift */; };
		38C055D02AFD68DC00FA36DD /* IRequestExecutor.swift in Sources */ = {isa = PBXBuildFile; fileRef = 38C055CF2AFD68DC00FA36DD /* IRequestExecutor.swift */; };
		38C055D32AFD690B00FA36DD /* Constants.swift in Sources */ = {isa = PBXBuildFile; fileRef = 38C055D22AFD690B00FA36DD /* Constants.swift */; };
		38C055D52AFD695100FA36DD /* Utils.swift in Sources */ = {isa = PBXBuildFile; fileRef = 38C055D42AFD695100FA36DD /* Utils.swift */; };
		38C055DA2AFD69C100FA36DD /* ILocalStorage.swift in Sources */ = {isa = PBXBuildFile; fileRef = 38C055D92AFD69C100FA36DD /* ILocalStorage.swift */; };
		38C055DC2AFD69E000FA36DD /* IRemoteStorage.swift in Sources */ = {isa = PBXBuildFile; fileRef = 38C055DB2AFD69E000FA36DD /* IRemoteStorage.swift */; };
		38C055DE2AFD69F200FA36DD /* IStorage.swift in Sources */ = {isa = PBXBuildFile; fileRef = 38C055DD2AFD69F100FA36DD /* IStorage.swift */; };
		38C055E12AFD6A1B00FA36DD /* BaseLocalStorageRequest.swift in Sources */ = {isa = PBXBuildFile; fileRef = 38C055E02AFD6A1B00FA36DD /* BaseLocalStorageRequest.swift */; };
		38C055E32AFD6A4400FA36DD /* BaseLocalStorageRequestExecutor.swift in Sources */ = {isa = PBXBuildFile; fileRef = 38C055E22AFD6A4400FA36DD /* BaseLocalStorageRequestExecutor.swift */; };
		38C055E52AFD6A7F00FA36DD /* BaseLocalStorage.swift in Sources */ = {isa = PBXBuildFile; fileRef = 38C055E42AFD6A7F00FA36DD /* BaseLocalStorage.swift */; };
		38C055E82AFD6AC400FA36DD /* IModelManagedObject.swift in Sources */ = {isa = PBXBuildFile; fileRef = 38C055E72AFD6AC400FA36DD /* IModelManagedObject.swift */; };
		38C055EA2AFD6ADB00FA36DD /* IModelStructObject.swift in Sources */ = {isa = PBXBuildFile; fileRef = 38C055E92AFD6ADB00FA36DD /* IModelStructObject.swift */; };
/* End PBXBuildFile section */

/* Begin PBXContainerItemProxy section */
		3868BD212AFD66F90079CB60 /* PBXContainerItemProxy */ = {
			isa = PBXContainerItemProxy;
			containerPortal = 3868BD032AFD66F70079CB60 /* Project object */;
			proxyType = 1;
			remoteGlobalIDString = 3868BD0A2AFD66F70079CB60;
			remoteInfo = FetchChallenge;
		};
		3868BD2B2AFD66F90079CB60 /* PBXContainerItemProxy */ = {
			isa = PBXContainerItemProxy;
			containerPortal = 3868BD032AFD66F70079CB60 /* Project object */;
			proxyType = 1;
			remoteGlobalIDString = 3868BD0A2AFD66F70079CB60;
			remoteInfo = FetchChallenge;
		};
/* End PBXContainerItemProxy section */

/* Begin PBXFileReference section */
		380227132AFDC38E0065F363 /* MealMetadataMO.swift */ = {isa = PBXFileReference; lastKnownFileType = sourcecode.swift; path = MealMetadataMO.swift; sourceTree = "<group>"; };
		380227152AFDC4010065F363 /* MealIngredientMO.swift */ = {isa = PBXFileReference; lastKnownFileType = sourcecode.swift; path = MealIngredientMO.swift; sourceTree = "<group>"; };
		3819E50C2AFD832A00547EA3 /* BaseStorageManager.swift */ = {isa = PBXFileReference; lastKnownFileType = sourcecode.swift; path = BaseStorageManager.swift; sourceTree = "<group>"; };
		3819E50F2AFD837B00547EA3 /* BaseRemoteStorage.swift */ = {isa = PBXFileReference; lastKnownFileType = sourcecode.swift; path = BaseRemoteStorage.swift; sourceTree = "<group>"; };
		3819E5112AFD840C00547EA3 /* BaseRemoteStorageRequest.swift */ = {isa = PBXFileReference; lastKnownFileType = sourcecode.swift; path = BaseRemoteStorageRequest.swift; sourceTree = "<group>"; };
		3819E5132AFD841800547EA3 /* BaseRemoteStorageRequestExecutor.swift */ = {isa = PBXFileReference; lastKnownFileType = sourcecode.swift; path = BaseRemoteStorageRequestExecutor.swift; sourceTree = "<group>"; };
		3819E5172AFD8F6B00547EA3 /* Meal.swift */ = {isa = PBXFileReference; lastKnownFileType = sourcecode.swift; path = Meal.swift; sourceTree = "<group>"; };
		3819E5192AFD8F9F00547EA3 /* MealMO.swift */ = {isa = PBXFileReference; lastKnownFileType = sourcecode.swift; path = MealMO.swift; sourceTree = "<group>"; };
		3819E51B2AFD926A00547EA3 /* MealCategory.swift */ = {isa = PBXFileReference; lastKnownFileType = sourcecode.swift; path = MealCategory.swift; sourceTree = "<group>"; };
		3819E51D2AFD92FB00547EA3 /* MealCategoryMO.swift */ = {isa = PBXFileReference; lastKnownFileType = sourcecode.swift; path = MealCategoryMO.swift; sourceTree = "<group>"; };
		3819E51F2AFDA26B00547EA3 /* MealMetadata.swift */ = {isa = PBXFileReference; lastKnownFileType = sourcecode.swift; path = MealMetadata.swift; sourceTree = "<group>"; };
		3819E5212AFDA55100547EA3 /* MealIngredient.swift */ = {isa = PBXFileReference; lastKnownFileType = sourcecode.swift; path = MealIngredient.swift; sourceTree = "<group>"; };
		3833C87A2AFF585A00F7AF76 /* IStorageManager.swift */ = {isa = PBXFileReference; lastKnownFileType = sourcecode.swift; path = IStorageManager.swift; sourceTree = "<group>"; };
		3833C87C2B01B0BF00F7AF76 /* PersistentContainer.swift */ = {isa = PBXFileReference; lastKnownFileType = sourcecode.swift; path = PersistentContainer.swift; sourceTree = "<group>"; };
		3833C87E2B01B0E700F7AF76 /* PersistentContainerProvider.swift */ = {isa = PBXFileReference; lastKnownFileType = sourcecode.swift; path = PersistentContainerProvider.swift; sourceTree = "<group>"; };
		3833C8802B01EA6E00F7AF76 /* IPredicateKeys.swift */ = {isa = PBXFileReference; lastKnownFileType = sourcecode.swift; path = IPredicateKeys.swift; sourceTree = "<group>"; };
		3833C8822B02AFDB00F7AF76 /* IPropertiesRepresantable.swift */ = {isa = PBXFileReference; lastKnownFileType = sourcecode.swift; path = IPropertiesRepresantable.swift; sourceTree = "<group>"; };
		3833C8842B032C8700F7AF76 /* MockMealCategoryValid.json */ = {isa = PBXFileReference; fileEncoding = 4; lastKnownFileType = text.json; path = MockMealCategoryValid.json; sourceTree = "<group>"; };
		3833C8862B032C9000F7AF76 /* MockMealCategoryInvalid.json */ = {isa = PBXFileReference; fileEncoding = 4; lastKnownFileType = text.json; path = MockMealCategoryInvalid.json; sourceTree = "<group>"; };
		3833C88D2B0496B800F7AF76 /* IWrapperObject.swift */ = {isa = PBXFileReference; lastKnownFileType = sourcecode.swift; path = IWrapperObject.swift; sourceTree = "<group>"; };
		3833C8942B04A19B00F7AF76 /* MockMealByIdInvalid.json */ = {isa = PBXFileReference; fileEncoding = 4; lastKnownFileType = text.json; path = MockMealByIdInvalid.json; sourceTree = "<group>"; };
		3833C8952B04A19B00F7AF76 /* MockMealByIdValid.json */ = {isa = PBXFileReference; fileEncoding = 4; lastKnownFileType = text.json; path = MockMealByIdValid.json; sourceTree = "<group>"; };
		3833C8982B04A36A00F7AF76 /* MockMealByCategoryNameInvalid.json */ = {isa = PBXFileReference; fileEncoding = 4; lastKnownFileType = text.json; path = MockMealByCategoryNameInvalid.json; sourceTree = "<group>"; };
		3833C8992B04A36B00F7AF76 /* MockMealByCategoryNameValid.json */ = {isa = PBXFileReference; fileEncoding = 4; lastKnownFileType = text.json; path = MockMealByCategoryNameValid.json; sourceTree = "<group>"; };
		3868BD0B2AFD66F70079CB60 /* FetchChallenge.app */ = {isa = PBXFileReference; explicitFileType = wrapper.application; includeInIndex = 0; path = FetchChallenge.app; sourceTree = BUILT_PRODUCTS_DIR; };
		3868BD0E2AFD66F70079CB60 /* FetchChallengeApp.swift */ = {isa = PBXFileReference; lastKnownFileType = sourcecode.swift; path = FetchChallengeApp.swift; sourceTree = "<group>"; };
		3868BD102AFD66F70079CB60 /* ContentView.swift */ = {isa = PBXFileReference; lastKnownFileType = sourcecode.swift; path = ContentView.swift; sourceTree = "<group>"; };
		3868BD122AFD66F90079CB60 /* Assets.xcassets */ = {isa = PBXFileReference; lastKnownFileType = folder.assetcatalog; path = Assets.xcassets; sourceTree = "<group>"; };
		3868BD152AFD66F90079CB60 /* Preview Assets.xcassets */ = {isa = PBXFileReference; lastKnownFileType = folder.assetcatalog; path = "Preview Assets.xcassets"; sourceTree = "<group>"; };
		3868BD1A2AFD66F90079CB60 /* FetchChallenge.xcdatamodel */ = {isa = PBXFileReference; lastKnownFileType = wrapper.xcdatamodel; path = FetchChallenge.xcdatamodel; sourceTree = "<group>"; };
		3868BD202AFD66F90079CB60 /* FetchChallengeTests.xctest */ = {isa = PBXFileReference; explicitFileType = wrapper.cfbundle; includeInIndex = 0; path = FetchChallengeTests.xctest; sourceTree = BUILT_PRODUCTS_DIR; };
		3868BD242AFD66F90079CB60 /* FetchChallengeTests.swift */ = {isa = PBXFileReference; lastKnownFileType = sourcecode.swift; path = FetchChallengeTests.swift; sourceTree = "<group>"; };
		3868BD2A2AFD66F90079CB60 /* FetchChallengeUITests.xctest */ = {isa = PBXFileReference; explicitFileType = wrapper.cfbundle; includeInIndex = 0; path = FetchChallengeUITests.xctest; sourceTree = BUILT_PRODUCTS_DIR; };
		3868BD2E2AFD66F90079CB60 /* FetchChallengeUITests.swift */ = {isa = PBXFileReference; lastKnownFileType = sourcecode.swift; path = FetchChallengeUITests.swift; sourceTree = "<group>"; };
		3868BD302AFD66F90079CB60 /* FetchChallengeUITestsLaunchTests.swift */ = {isa = PBXFileReference; lastKnownFileType = sourcecode.swift; path = FetchChallengeUITestsLaunchTests.swift; sourceTree = "<group>"; };
		38C055C92AFD689100FA36DD /* HTTPRequest.swift */ = {isa = PBXFileReference; lastKnownFileType = sourcecode.swift; path = HTTPRequest.swift; sourceTree = "<group>"; };
		38C055CB2AFD689C00FA36DD /* HTTPRequestExecutor.swift */ = {isa = PBXFileReference; lastKnownFileType = sourcecode.swift; path = HTTPRequestExecutor.swift; sourceTree = "<group>"; };
		38C055CD2AFD68CB00FA36DD /* IRequest.swift */ = {isa = PBXFileReference; lastKnownFileType = sourcecode.swift; path = IRequest.swift; sourceTree = "<group>"; };
		38C055CF2AFD68DC00FA36DD /* IRequestExecutor.swift */ = {isa = PBXFileReference; lastKnownFileType = sourcecode.swift; path = IRequestExecutor.swift; sourceTree = "<group>"; };
		38C055D22AFD690B00FA36DD /* Constants.swift */ = {isa = PBXFileReference; lastKnownFileType = sourcecode.swift; path = Constants.swift; sourceTree = "<group>"; };
		38C055D42AFD695100FA36DD /* Utils.swift */ = {isa = PBXFileReference; lastKnownFileType = sourcecode.swift; path = Utils.swift; sourceTree = "<group>"; };
		38C055D92AFD69C100FA36DD /* ILocalStorage.swift */ = {isa = PBXFileReference; lastKnownFileType = sourcecode.swift; path = ILocalStorage.swift; sourceTree = "<group>"; };
		38C055DB2AFD69E000FA36DD /* IRemoteStorage.swift */ = {isa = PBXFileReference; lastKnownFileType = sourcecode.swift; path = IRemoteStorage.swift; sourceTree = "<group>"; };
		38C055DD2AFD69F100FA36DD /* IStorage.swift */ = {isa = PBXFileReference; lastKnownFileType = sourcecode.swift; path = IStorage.swift; sourceTree = "<group>"; };
		38C055E02AFD6A1B00FA36DD /* BaseLocalStorageRequest.swift */ = {isa = PBXFileReference; lastKnownFileType = sourcecode.swift; path = BaseLocalStorageRequest.swift; sourceTree = "<group>"; };
		38C055E22AFD6A4400FA36DD /* BaseLocalStorageRequestExecutor.swift */ = {isa = PBXFileReference; lastKnownFileType = sourcecode.swift; path = BaseLocalStorageRequestExecutor.swift; sourceTree = "<group>"; };
		38C055E42AFD6A7F00FA36DD /* BaseLocalStorage.swift */ = {isa = PBXFileReference; lastKnownFileType = sourcecode.swift; path = BaseLocalStorage.swift; sourceTree = "<group>"; };
		38C055E72AFD6AC400FA36DD /* IModelManagedObject.swift */ = {isa = PBXFileReference; lastKnownFileType = sourcecode.swift; path = IModelManagedObject.swift; sourceTree = "<group>"; };
		38C055E92AFD6ADB00FA36DD /* IModelStructObject.swift */ = {isa = PBXFileReference; lastKnownFileType = sourcecode.swift; path = IModelStructObject.swift; sourceTree = "<group>"; };
/* End PBXFileReference section */

/* Begin PBXFrameworksBuildPhase section */
		3868BD082AFD66F70079CB60 /* Frameworks */ = {
			isa = PBXFrameworksBuildPhase;
			buildActionMask = 2147483647;
			files = (
			);
			runOnlyForDeploymentPostprocessing = 0;
		};
		3868BD1D2AFD66F90079CB60 /* Frameworks */ = {
			isa = PBXFrameworksBuildPhase;
			buildActionMask = 2147483647;
			files = (
			);
			runOnlyForDeploymentPostprocessing = 0;
		};
		3868BD272AFD66F90079CB60 /* Frameworks */ = {
			isa = PBXFrameworksBuildPhase;
			buildActionMask = 2147483647;
			files = (
			);
			runOnlyForDeploymentPostprocessing = 0;
		};
/* End PBXFrameworksBuildPhase section */

/* Begin PBXGroup section */
		3819E50B2AFD831100547EA3 /* Managers */ = {
			isa = PBXGroup;
			children = (
				3819E50C2AFD832A00547EA3 /* BaseStorageManager.swift */,
				3833C8792AFF584900F7AF76 /* Interfaces */,
			);
			path = Managers;
			sourceTree = "<group>";
		};
		3819E50E2AFD835D00547EA3 /* Remote */ = {
			isa = PBXGroup;
			children = (
				3819E50F2AFD837B00547EA3 /* BaseRemoteStorage.swift */,
				3819E5112AFD840C00547EA3 /* BaseRemoteStorageRequest.swift */,
				3819E5132AFD841800547EA3 /* BaseRemoteStorageRequestExecutor.swift */,
			);
			path = Remote;
			sourceTree = "<group>";
		};
		3819E5152AFD8F5400547EA3 /* ManagedObjects */ = {
			isa = PBXGroup;
			children = (
				380227152AFDC4010065F363 /* MealIngredientMO.swift */,
				380227132AFDC38E0065F363 /* MealMetadataMO.swift */,
				3819E5192AFD8F9F00547EA3 /* MealMO.swift */,
				3819E51D2AFD92FB00547EA3 /* MealCategoryMO.swift */,
			);
			path = ManagedObjects;
			sourceTree = "<group>";
		};
		3819E5162AFD8F5E00547EA3 /* StructObjects */ = {
			isa = PBXGroup;
			children = (
				3819E5212AFDA55100547EA3 /* MealIngredient.swift */,
				3819E51F2AFDA26B00547EA3 /* MealMetadata.swift */,
				3819E5172AFD8F6B00547EA3 /* Meal.swift */,
				3819E51B2AFD926A00547EA3 /* MealCategory.swift */,
			);
			path = StructObjects;
			sourceTree = "<group>";
		};
		3833C8792AFF584900F7AF76 /* Interfaces */ = {
			isa = PBXGroup;
			children = (
				3833C87A2AFF585A00F7AF76 /* IStorageManager.swift */,
			);
			path = Interfaces;
			sourceTree = "<group>";
		};
		3833C8882B032CFC00F7AF76 /* Recourses */ = {
			isa = PBXGroup;
			children = (
				3833C8902B04A11900F7AF76 /* Meal */,
				3833C88F2B04A11000F7AF76 /* MealCategory */,
			);
			path = Recourses;
			sourceTree = "<group>";
		};
		3833C88F2B04A11000F7AF76 /* MealCategory */ = {
			isa = PBXGroup;
			children = (
				3833C8842B032C8700F7AF76 /* MockMealCategoryValid.json */,
				3833C8862B032C9000F7AF76 /* MockMealCategoryInvalid.json */,
			);
			path = MealCategory;
			sourceTree = "<group>";
		};
		3833C8902B04A11900F7AF76 /* Meal */ = {
			isa = PBXGroup;
			children = (
				3833C8932B04A14800F7AF76 /* ByCategoryName */,
				3833C8922B04A14200F7AF76 /* ById */,
			);
			path = Meal;
			sourceTree = "<group>";
		};
		3833C8922B04A14200F7AF76 /* ById */ = {
			isa = PBXGroup;
			children = (
				3833C8942B04A19B00F7AF76 /* MockMealByIdInvalid.json */,
				3833C8952B04A19B00F7AF76 /* MockMealByIdValid.json */,
			);
			path = ById;
			sourceTree = "<group>";
		};
		3833C8932B04A14800F7AF76 /* ByCategoryName */ = {
			isa = PBXGroup;
			children = (
				3833C8982B04A36A00F7AF76 /* MockMealByCategoryNameInvalid.json */,
				3833C8992B04A36B00F7AF76 /* MockMealByCategoryNameValid.json */,
			);
			path = ByCategoryName;
			sourceTree = "<group>";
		};
		3868BD022AFD66F70079CB60 = {
			isa = PBXGroup;
			children = (
				3868BD0D2AFD66F70079CB60 /* FetchChallenge */,
				3868BD232AFD66F90079CB60 /* FetchChallengeTests */,
				3868BD2D2AFD66F90079CB60 /* FetchChallengeUITests */,
				3868BD0C2AFD66F70079CB60 /* Products */,
			);
			sourceTree = "<group>";
		};
		3868BD0C2AFD66F70079CB60 /* Products */ = {
			isa = PBXGroup;
			children = (
				3868BD0B2AFD66F70079CB60 /* FetchChallenge.app */,
				3868BD202AFD66F90079CB60 /* FetchChallengeTests.xctest */,
				3868BD2A2AFD66F90079CB60 /* FetchChallengeUITests.xctest */,
			);
			name = Products;
			sourceTree = "<group>";
		};
		3868BD0D2AFD66F70079CB60 /* FetchChallenge */ = {
			isa = PBXGroup;
			children = (
				3819E50B2AFD831100547EA3 /* Managers */,
				38C055D72AFD69A900FA36DD /* Storage */,
				38C055C62AFD685100FA36DD /* Network */,
				38C055C72AFD686900FA36DD /* Interfaces */,
				38C055D12AFD690000FA36DD /* Helpers */,
				3868BD0E2AFD66F70079CB60 /* FetchChallengeApp.swift */,
				3868BD102AFD66F70079CB60 /* ContentView.swift */,
				3868BD122AFD66F90079CB60 /* Assets.xcassets */,
				3868BD192AFD66F90079CB60 /* FetchChallenge.xcdatamodeld */,
				3868BD142AFD66F90079CB60 /* Preview Content */,
			);
			path = FetchChallenge;
			sourceTree = "<group>";
		};
		3868BD142AFD66F90079CB60 /* Preview Content */ = {
			isa = PBXGroup;
			children = (
				3868BD152AFD66F90079CB60 /* Preview Assets.xcassets */,
			);
			path = "Preview Content";
			sourceTree = "<group>";
		};
		3868BD232AFD66F90079CB60 /* FetchChallengeTests */ = {
			isa = PBXGroup;
			children = (
				3868BD242AFD66F90079CB60 /* FetchChallengeTests.swift */,
				3833C8882B032CFC00F7AF76 /* Recourses */,
			);
			path = FetchChallengeTests;
			sourceTree = "<group>";
		};
		3868BD2D2AFD66F90079CB60 /* FetchChallengeUITests */ = {
			isa = PBXGroup;
			children = (
				3868BD2E2AFD66F90079CB60 /* FetchChallengeUITests.swift */,
				3868BD302AFD66F90079CB60 /* FetchChallengeUITestsLaunchTests.swift */,
			);
			path = FetchChallengeUITests;
			sourceTree = "<group>";
		};
		38C055C62AFD685100FA36DD /* Network */ = {
			isa = PBXGroup;
			children = (
				38C055C92AFD689100FA36DD /* HTTPRequest.swift */,
				38C055CB2AFD689C00FA36DD /* HTTPRequestExecutor.swift */,
			);
			path = Network;
			sourceTree = "<group>";
		};
		38C055C72AFD686900FA36DD /* Interfaces */ = {
			isa = PBXGroup;
			children = (
				38C055CD2AFD68CB00FA36DD /* IRequest.swift */,
				38C055CF2AFD68DC00FA36DD /* IRequestExecutor.swift */,
			);
			path = Interfaces;
			sourceTree = "<group>";
		};
		38C055C82AFD687A00FA36DD /* Models */ = {
			isa = PBXGroup;
			children = (
				3819E5162AFD8F5E00547EA3 /* StructObjects */,
				3819E5152AFD8F5400547EA3 /* ManagedObjects */,
				38C055E62AFD6AB700FA36DD /* Interfaces */,
			);
			path = Models;
			sourceTree = "<group>";
		};
		38C055D12AFD690000FA36DD /* Helpers */ = {
			isa = PBXGroup;
			children = (
				38C055D22AFD690B00FA36DD /* Constants.swift */,
				38C055D42AFD695100FA36DD /* Utils.swift */,
			);
			path = Helpers;
			sourceTree = "<group>";
		};
		38C055D72AFD69A900FA36DD /* Storage */ = {
			isa = PBXGroup;
			children = (
				38C055C82AFD687A00FA36DD /* Models */,
				3819E50E2AFD835D00547EA3 /* Remote */,
				38C055DF2AFD6A1200FA36DD /* Local */,
				38C055D82AFD69B600FA36DD /* Interfaces */,
			);
			path = Storage;
			sourceTree = "<group>";
		};
		38C055D82AFD69B600FA36DD /* Interfaces */ = {
			isa = PBXGroup;
			children = (
				38C055D92AFD69C100FA36DD /* ILocalStorage.swift */,
				38C055DB2AFD69E000FA36DD /* IRemoteStorage.swift */,
				38C055DD2AFD69F100FA36DD /* IStorage.swift */,
			);
			path = Interfaces;
			sourceTree = "<group>";
		};
		38C055DF2AFD6A1200FA36DD /* Local */ = {
			isa = PBXGroup;
			children = (
				38C055E42AFD6A7F00FA36DD /* BaseLocalStorage.swift */,
				38C055E02AFD6A1B00FA36DD /* BaseLocalStorageRequest.swift */,
				38C055E22AFD6A4400FA36DD /* BaseLocalStorageRequestExecutor.swift */,
				3833C87E2B01B0E700F7AF76 /* PersistentContainerProvider.swift */,
				3833C87C2B01B0BF00F7AF76 /* PersistentContainer.swift */,
			);
			path = Local;
			sourceTree = "<group>";
		};
		38C055E62AFD6AB700FA36DD /* Interfaces */ = {
			isa = PBXGroup;
			children = (
				38C055E72AFD6AC400FA36DD /* IModelManagedObject.swift */,
				38C055E92AFD6ADB00FA36DD /* IModelStructObject.swift */,
				3833C8802B01EA6E00F7AF76 /* IPredicateKeys.swift */,
				3833C8822B02AFDB00F7AF76 /* IPropertiesRepresantable.swift */,
				3833C88D2B0496B800F7AF76 /* IWrapperObject.swift */,
			);
			path = Interfaces;
			sourceTree = "<group>";
		};
/* End PBXGroup section */

/* Begin PBXNativeTarget section */
		3868BD0A2AFD66F70079CB60 /* FetchChallenge */ = {
			isa = PBXNativeTarget;
			buildConfigurationList = 3868BD342AFD66F90079CB60 /* Build configuration list for PBXNativeTarget "FetchChallenge" */;
			buildPhases = (
				3868BD072AFD66F70079CB60 /* Sources */,
				3868BD082AFD66F70079CB60 /* Frameworks */,
				3868BD092AFD66F70079CB60 /* Resources */,
			);
			buildRules = (
			);
			dependencies = (
			);
			name = FetchChallenge;
			productName = FetchChallenge;
			productReference = 3868BD0B2AFD66F70079CB60 /* FetchChallenge.app */;
			productType = "com.apple.product-type.application";
		};
		3868BD1F2AFD66F90079CB60 /* FetchChallengeTests */ = {
			isa = PBXNativeTarget;
			buildConfigurationList = 3868BD372AFD66F90079CB60 /* Build configuration list for PBXNativeTarget "FetchChallengeTests" */;
			buildPhases = (
				3868BD1C2AFD66F90079CB60 /* Sources */,
				3868BD1D2AFD66F90079CB60 /* Frameworks */,
				3868BD1E2AFD66F90079CB60 /* Resources */,
			);
			buildRules = (
			);
			dependencies = (
				3868BD222AFD66F90079CB60 /* PBXTargetDependency */,
			);
			name = FetchChallengeTests;
			productName = FetchChallengeTests;
			productReference = 3868BD202AFD66F90079CB60 /* FetchChallengeTests.xctest */;
			productType = "com.apple.product-type.bundle.unit-test";
		};
		3868BD292AFD66F90079CB60 /* FetchChallengeUITests */ = {
			isa = PBXNativeTarget;
			buildConfigurationList = 3868BD3A2AFD66F90079CB60 /* Build configuration list for PBXNativeTarget "FetchChallengeUITests" */;
			buildPhases = (
				3868BD262AFD66F90079CB60 /* Sources */,
				3868BD272AFD66F90079CB60 /* Frameworks */,
				3868BD282AFD66F90079CB60 /* Resources */,
			);
			buildRules = (
			);
			dependencies = (
				3868BD2C2AFD66F90079CB60 /* PBXTargetDependency */,
			);
			name = FetchChallengeUITests;
			productName = FetchChallengeUITests;
			productReference = 3868BD2A2AFD66F90079CB60 /* FetchChallengeUITests.xctest */;
			productType = "com.apple.product-type.bundle.ui-testing";
		};
/* End PBXNativeTarget section */

/* Begin PBXProject section */
		3868BD032AFD66F70079CB60 /* Project object */ = {
			isa = PBXProject;
			attributes = {
				BuildIndependentTargetsInParallel = 1;
				LastSwiftUpdateCheck = 1500;
				LastUpgradeCheck = 1500;
				TargetAttributes = {
					3868BD0A2AFD66F70079CB60 = {
						CreatedOnToolsVersion = 15.0.1;
					};
					3868BD1F2AFD66F90079CB60 = {
						CreatedOnToolsVersion = 15.0.1;
						TestTargetID = 3868BD0A2AFD66F70079CB60;
					};
					3868BD292AFD66F90079CB60 = {
						CreatedOnToolsVersion = 15.0.1;
						TestTargetID = 3868BD0A2AFD66F70079CB60;
					};
				};
			};
			buildConfigurationList = 3868BD062AFD66F70079CB60 /* Build configuration list for PBXProject "FetchChallenge" */;
			compatibilityVersion = "Xcode 14.0";
			developmentRegion = en;
			hasScannedForEncodings = 0;
			knownRegions = (
				en,
				Base,
			);
			mainGroup = 3868BD022AFD66F70079CB60;
			productRefGroup = 3868BD0C2AFD66F70079CB60 /* Products */;
			projectDirPath = "";
			projectRoot = "";
			targets = (
				3868BD0A2AFD66F70079CB60 /* FetchChallenge */,
				3868BD1F2AFD66F90079CB60 /* FetchChallengeTests */,
				3868BD292AFD66F90079CB60 /* FetchChallengeUITests */,
			);
		};
/* End PBXProject section */

/* Begin PBXResourcesBuildPhase section */
		3868BD092AFD66F70079CB60 /* Resources */ = {
			isa = PBXResourcesBuildPhase;
			buildActionMask = 2147483647;
			files = (
				3868BD162AFD66F90079CB60 /* Preview Assets.xcassets in Resources */,
				3868BD132AFD66F90079CB60 /* Assets.xcassets in Resources */,
			);
			runOnlyForDeploymentPostprocessing = 0;
		};
		3868BD1E2AFD66F90079CB60 /* Resources */ = {
			isa = PBXResourcesBuildPhase;
			buildActionMask = 2147483647;
			files = (
				3833C89B2B04A36B00F7AF76 /* MockMealByCategoryNameValid.json in Resources */,
				3833C8852B032C8700F7AF76 /* MockMealCategoryValid.json in Resources */,
				3833C8962B04A19B00F7AF76 /* MockMealByIdInvalid.json in Resources */,
				3833C89A2B04A36B00F7AF76 /* MockMealByCategoryNameInvalid.json in Resources */,
				3833C8872B032C9100F7AF76 /* MockMealCategoryInvalid.json in Resources */,
				3833C8972B04A19B00F7AF76 /* MockMealByIdValid.json in Resources */,
			);
			runOnlyForDeploymentPostprocessing = 0;
		};
		3868BD282AFD66F90079CB60 /* Resources */ = {
			isa = PBXResourcesBuildPhase;
			buildActionMask = 2147483647;
			files = (
			);
			runOnlyForDeploymentPostprocessing = 0;
		};
/* End PBXResourcesBuildPhase section */

/* Begin PBXSourcesBuildPhase section */
		3868BD072AFD66F70079CB60 /* Sources */ = {
			isa = PBXSourcesBuildPhase;
			buildActionMask = 2147483647;
			files = (
				3868BD1B2AFD66F90079CB60 /* FetchChallenge.xcdatamodeld in Sources */,
				3819E50D2AFD832A00547EA3 /* BaseStorageManager.swift in Sources */,
				3819E51A2AFD8F9F00547EA3 /* MealMO.swift in Sources */,
				3833C87B2AFF585A00F7AF76 /* IStorageManager.swift in Sources */,
				3833C87D2B01B0BF00F7AF76 /* PersistentContainer.swift in Sources */,
				38C055DC2AFD69E000FA36DD /* IRemoteStorage.swift in Sources */,
				38C055DA2AFD69C100FA36DD /* ILocalStorage.swift in Sources */,
				3833C88E2B0496B800F7AF76 /* IWrapperObject.swift in Sources */,
				380227162AFDC4010065F363 /* MealIngredientMO.swift in Sources */,
				38C055E12AFD6A1B00FA36DD /* BaseLocalStorageRequest.swift in Sources */,
				38C055E82AFD6AC400FA36DD /* IModelManagedObject.swift in Sources */,
				38C055EA2AFD6ADB00FA36DD /* IModelStructObject.swift in Sources */,
				38C055CE2AFD68CB00FA36DD /* IRequest.swift in Sources */,
				3819E5142AFD841800547EA3 /* BaseRemoteStorageRequestExecutor.swift in Sources */,
				3819E5122AFD840C00547EA3 /* BaseRemoteStorageRequest.swift in Sources */,
				38C055D02AFD68DC00FA36DD /* IRequestExecutor.swift in Sources */,
				3819E51C2AFD926A00547EA3 /* MealCategory.swift in Sources */,
				38C055DE2AFD69F200FA36DD /* IStorage.swift in Sources */,
				3833C8812B01EA6E00F7AF76 /* IPredicateKeys.swift in Sources */,
				3833C87F2B01B0E700F7AF76 /* PersistentContainerProvider.swift in Sources */,
				3833C8832B02AFDB00F7AF76 /* IPropertiesRepresantable.swift in Sources */,
				38C055CA2AFD689100FA36DD /* HTTPRequest.swift in Sources */,
				38C055D52AFD695100FA36DD /* Utils.swift in Sources */,
				3868BD112AFD66F70079CB60 /* ContentView.swift in Sources */,
				38C055CC2AFD689C00FA36DD /* HTTPRequestExecutor.swift in Sources */,
				380227142AFDC38E0065F363 /* MealMetadataMO.swift in Sources */,
				3819E5182AFD8F6B00547EA3 /* Meal.swift in Sources */,
				3819E51E2AFD92FB00547EA3 /* MealCategoryMO.swift in Sources */,
				38C055E52AFD6A7F00FA36DD /* BaseLocalStorage.swift in Sources */,
				3868BD0F2AFD66F70079CB60 /* FetchChallengeApp.swift in Sources */,
				38C055E32AFD6A4400FA36DD /* BaseLocalStorageRequestExecutor.swift in Sources */,
				3819E5102AFD837B00547EA3 /* BaseRemoteStorage.swift in Sources */,
				38C055D32AFD690B00FA36DD /* Constants.swift in Sources */,
				3819E5202AFDA26B00547EA3 /* MealMetadata.swift in Sources */,
				3819E5222AFDA55100547EA3 /* MealIngredient.swift in Sources */,
			);
			runOnlyForDeploymentPostprocessing = 0;
		};
		3868BD1C2AFD66F90079CB60 /* Sources */ = {
			isa = PBXSourcesBuildPhase;
			buildActionMask = 2147483647;
			files = (
				3868BD252AFD66F90079CB60 /* FetchChallengeTests.swift in Sources */,
			);
			runOnlyForDeploymentPostprocessing = 0;
		};
		3868BD262AFD66F90079CB60 /* Sources */ = {
			isa = PBXSourcesBuildPhase;
			buildActionMask = 2147483647;
			files = (
				3868BD2F2AFD66F90079CB60 /* FetchChallengeUITests.swift in Sources */,
				3868BD312AFD66F90079CB60 /* FetchChallengeUITestsLaunchTests.swift in Sources */,
			);
			runOnlyForDeploymentPostprocessing = 0;
		};
/* End PBXSourcesBuildPhase section */

/* Begin PBXTargetDependency section */
		3868BD222AFD66F90079CB60 /* PBXTargetDependency */ = {
			isa = PBXTargetDependency;
			target = 3868BD0A2AFD66F70079CB60 /* FetchChallenge */;
			targetProxy = 3868BD212AFD66F90079CB60 /* PBXContainerItemProxy */;
		};
		3868BD2C2AFD66F90079CB60 /* PBXTargetDependency */ = {
			isa = PBXTargetDependency;
			target = 3868BD0A2AFD66F70079CB60 /* FetchChallenge */;
			targetProxy = 3868BD2B2AFD66F90079CB60 /* PBXContainerItemProxy */;
		};
/* End PBXTargetDependency section */

/* Begin XCBuildConfiguration section */
		3868BD322AFD66F90079CB60 /* Debug */ = {
			isa = XCBuildConfiguration;
			buildSettings = {
				ALWAYS_SEARCH_USER_PATHS = NO;
				ASSETCATALOG_COMPILER_GENERATE_SWIFT_ASSET_SYMBOL_EXTENSIONS = YES;
				CLANG_ANALYZER_NONNULL = YES;
				CLANG_ANALYZER_NUMBER_OBJECT_CONVERSION = YES_AGGRESSIVE;
				CLANG_CXX_LANGUAGE_STANDARD = "gnu++20";
				CLANG_ENABLE_MODULES = YES;
				CLANG_ENABLE_OBJC_ARC = YES;
				CLANG_ENABLE_OBJC_WEAK = YES;
				CLANG_WARN_BLOCK_CAPTURE_AUTORELEASING = YES;
				CLANG_WARN_BOOL_CONVERSION = YES;
				CLANG_WARN_COMMA = YES;
				CLANG_WARN_CONSTANT_CONVERSION = YES;
				CLANG_WARN_DEPRECATED_OBJC_IMPLEMENTATIONS = YES;
				CLANG_WARN_DIRECT_OBJC_ISA_USAGE = YES_ERROR;
				CLANG_WARN_DOCUMENTATION_COMMENTS = YES;
				CLANG_WARN_EMPTY_BODY = YES;
				CLANG_WARN_ENUM_CONVERSION = YES;
				CLANG_WARN_INFINITE_RECURSION = YES;
				CLANG_WARN_INT_CONVERSION = YES;
				CLANG_WARN_NON_LITERAL_NULL_CONVERSION = YES;
				CLANG_WARN_OBJC_IMPLICIT_RETAIN_SELF = YES;
				CLANG_WARN_OBJC_LITERAL_CONVERSION = YES;
				CLANG_WARN_OBJC_ROOT_CLASS = YES_ERROR;
				CLANG_WARN_QUOTED_INCLUDE_IN_FRAMEWORK_HEADER = YES;
				CLANG_WARN_RANGE_LOOP_ANALYSIS = YES;
				CLANG_WARN_STRICT_PROTOTYPES = YES;
				CLANG_WARN_SUSPICIOUS_MOVE = YES;
				CLANG_WARN_UNGUARDED_AVAILABILITY = YES_AGGRESSIVE;
				CLANG_WARN_UNREACHABLE_CODE = YES;
				CLANG_WARN__DUPLICATE_METHOD_MATCH = YES;
				COPY_PHASE_STRIP = NO;
				DEBUG_INFORMATION_FORMAT = dwarf;
				ENABLE_STRICT_OBJC_MSGSEND = YES;
				ENABLE_TESTABILITY = YES;
				ENABLE_USER_SCRIPT_SANDBOXING = YES;
				GCC_C_LANGUAGE_STANDARD = gnu17;
				GCC_DYNAMIC_NO_PIC = NO;
				GCC_NO_COMMON_BLOCKS = YES;
				GCC_OPTIMIZATION_LEVEL = 0;
				GCC_PREPROCESSOR_DEFINITIONS = (
					"DEBUG=1",
					"$(inherited)",
				);
				GCC_WARN_64_TO_32_BIT_CONVERSION = YES;
				GCC_WARN_ABOUT_RETURN_TYPE = YES_ERROR;
				GCC_WARN_UNDECLARED_SELECTOR = YES;
				GCC_WARN_UNINITIALIZED_AUTOS = YES_AGGRESSIVE;
				GCC_WARN_UNUSED_FUNCTION = YES;
				GCC_WARN_UNUSED_VARIABLE = YES;
				IPHONEOS_DEPLOYMENT_TARGET = 17.0;
				LOCALIZATION_PREFERS_STRING_CATALOGS = YES;
				MTL_ENABLE_DEBUG_INFO = INCLUDE_SOURCE;
				MTL_FAST_MATH = YES;
				ONLY_ACTIVE_ARCH = YES;
				SDKROOT = iphoneos;
				SWIFT_ACTIVE_COMPILATION_CONDITIONS = "DEBUG $(inherited)";
				SWIFT_OPTIMIZATION_LEVEL = "-Onone";
			};
			name = Debug;
		};
		3868BD332AFD66F90079CB60 /* Release */ = {
			isa = XCBuildConfiguration;
			buildSettings = {
				ALWAYS_SEARCH_USER_PATHS = NO;
				ASSETCATALOG_COMPILER_GENERATE_SWIFT_ASSET_SYMBOL_EXTENSIONS = YES;
				CLANG_ANALYZER_NONNULL = YES;
				CLANG_ANALYZER_NUMBER_OBJECT_CONVERSION = YES_AGGRESSIVE;
				CLANG_CXX_LANGUAGE_STANDARD = "gnu++20";
				CLANG_ENABLE_MODULES = YES;
				CLANG_ENABLE_OBJC_ARC = YES;
				CLANG_ENABLE_OBJC_WEAK = YES;
				CLANG_WARN_BLOCK_CAPTURE_AUTORELEASING = YES;
				CLANG_WARN_BOOL_CONVERSION = YES;
				CLANG_WARN_COMMA = YES;
				CLANG_WARN_CONSTANT_CONVERSION = YES;
				CLANG_WARN_DEPRECATED_OBJC_IMPLEMENTATIONS = YES;
				CLANG_WARN_DIRECT_OBJC_ISA_USAGE = YES_ERROR;
				CLANG_WARN_DOCUMENTATION_COMMENTS = YES;
				CLANG_WARN_EMPTY_BODY = YES;
				CLANG_WARN_ENUM_CONVERSION = YES;
				CLANG_WARN_INFINITE_RECURSION = YES;
				CLANG_WARN_INT_CONVERSION = YES;
				CLANG_WARN_NON_LITERAL_NULL_CONVERSION = YES;
				CLANG_WARN_OBJC_IMPLICIT_RETAIN_SELF = YES;
				CLANG_WARN_OBJC_LITERAL_CONVERSION = YES;
				CLANG_WARN_OBJC_ROOT_CLASS = YES_ERROR;
				CLANG_WARN_QUOTED_INCLUDE_IN_FRAMEWORK_HEADER = YES;
				CLANG_WARN_RANGE_LOOP_ANALYSIS = YES;
				CLANG_WARN_STRICT_PROTOTYPES = YES;
				CLANG_WARN_SUSPICIOUS_MOVE = YES;
				CLANG_WARN_UNGUARDED_AVAILABILITY = YES_AGGRESSIVE;
				CLANG_WARN_UNREACHABLE_CODE = YES;
				CLANG_WARN__DUPLICATE_METHOD_MATCH = YES;
				COPY_PHASE_STRIP = NO;
				DEBUG_INFORMATION_FORMAT = "dwarf-with-dsym";
				ENABLE_NS_ASSERTIONS = NO;
				ENABLE_STRICT_OBJC_MSGSEND = YES;
				ENABLE_USER_SCRIPT_SANDBOXING = YES;
				GCC_C_LANGUAGE_STANDARD = gnu17;
				GCC_NO_COMMON_BLOCKS = YES;
				GCC_WARN_64_TO_32_BIT_CONVERSION = YES;
				GCC_WARN_ABOUT_RETURN_TYPE = YES_ERROR;
				GCC_WARN_UNDECLARED_SELECTOR = YES;
				GCC_WARN_UNINITIALIZED_AUTOS = YES_AGGRESSIVE;
				GCC_WARN_UNUSED_FUNCTION = YES;
				GCC_WARN_UNUSED_VARIABLE = YES;
				IPHONEOS_DEPLOYMENT_TARGET = 17.0;
				LOCALIZATION_PREFERS_STRING_CATALOGS = YES;
				MTL_ENABLE_DEBUG_INFO = NO;
				MTL_FAST_MATH = YES;
				SDKROOT = iphoneos;
				SWIFT_COMPILATION_MODE = wholemodule;
				VALIDATE_PRODUCT = YES;
			};
			name = Release;
		};
		3868BD352AFD66F90079CB60 /* Debug */ = {
			isa = XCBuildConfiguration;
			buildSettings = {
				ASSETCATALOG_COMPILER_APPICON_NAME = AppIcon;
				ASSETCATALOG_COMPILER_GLOBAL_ACCENT_COLOR_NAME = AccentColor;
				CODE_SIGN_STYLE = Automatic;
				CURRENT_PROJECT_VERSION = 1;
				DEVELOPMENT_ASSET_PATHS = "\"FetchChallenge/Preview Content\"";
				DEVELOPMENT_TEAM = P8272A4A85;
				ENABLE_PREVIEWS = YES;
				GENERATE_INFOPLIST_FILE = YES;
				INFOPLIST_KEY_UIApplicationSceneManifest_Generation = YES;
				INFOPLIST_KEY_UIApplicationSupportsIndirectInputEvents = YES;
				INFOPLIST_KEY_UILaunchScreen_Generation = YES;
				INFOPLIST_KEY_UISupportedInterfaceOrientations_iPad = "UIInterfaceOrientationPortrait UIInterfaceOrientationPortraitUpsideDown UIInterfaceOrientationLandscapeLeft UIInterfaceOrientationLandscapeRight";
				INFOPLIST_KEY_UISupportedInterfaceOrientations_iPhone = "UIInterfaceOrientationPortrait UIInterfaceOrientationLandscapeLeft UIInterfaceOrientationLandscapeRight";
				LD_RUNPATH_SEARCH_PATHS = (
					"$(inherited)",
					"@executable_path/Frameworks",
				);
				MARKETING_VERSION = 1.0;
				PRODUCT_BUNDLE_IDENTIFIER = com.FetchChallenge.FetchChallenge;
				PRODUCT_NAME = "$(TARGET_NAME)";
				SWIFT_EMIT_LOC_STRINGS = YES;
				SWIFT_VERSION = 5.0;
				TARGETED_DEVICE_FAMILY = "1,2";
			};
			name = Debug;
		};
		3868BD362AFD66F90079CB60 /* Release */ = {
			isa = XCBuildConfiguration;
			buildSettings = {
				ASSETCATALOG_COMPILER_APPICON_NAME = AppIcon;
				ASSETCATALOG_COMPILER_GLOBAL_ACCENT_COLOR_NAME = AccentColor;
				CODE_SIGN_STYLE = Automatic;
				CURRENT_PROJECT_VERSION = 1;
				DEVELOPMENT_ASSET_PATHS = "\"FetchChallenge/Preview Content\"";
				DEVELOPMENT_TEAM = P8272A4A85;
				ENABLE_PREVIEWS = YES;
				GENERATE_INFOPLIST_FILE = YES;
				INFOPLIST_KEY_UIApplicationSceneManifest_Generation = YES;
				INFOPLIST_KEY_UIApplicationSupportsIndirectInputEvents = YES;
				INFOPLIST_KEY_UILaunchScreen_Generation = YES;
				INFOPLIST_KEY_UISupportedInterfaceOrientations_iPad = "UIInterfaceOrientationPortrait UIInterfaceOrientationPortraitUpsideDown UIInterfaceOrientationLandscapeLeft UIInterfaceOrientationLandscapeRight";
				INFOPLIST_KEY_UISupportedInterfaceOrientations_iPhone = "UIInterfaceOrientationPortrait UIInterfaceOrientationLandscapeLeft UIInterfaceOrientationLandscapeRight";
				LD_RUNPATH_SEARCH_PATHS = (
					"$(inherited)",
					"@executable_path/Frameworks",
				);
				MARKETING_VERSION = 1.0;
				PRODUCT_BUNDLE_IDENTIFIER = com.FetchChallenge.FetchChallenge;
				PRODUCT_NAME = "$(TARGET_NAME)";
				SWIFT_EMIT_LOC_STRINGS = YES;
				SWIFT_VERSION = 5.0;
				TARGETED_DEVICE_FAMILY = "1,2";
			};
			name = Release;
		};
		3868BD382AFD66F90079CB60 /* Debug */ = {
			isa = XCBuildConfiguration;
			buildSettings = {
				ALWAYS_EMBED_SWIFT_STANDARD_LIBRARIES = YES;
				BUNDLE_LOADER = "$(TEST_HOST)";
				CODE_SIGN_STYLE = Automatic;
				CURRENT_PROJECT_VERSION = 1;
				DEVELOPMENT_TEAM = P8272A4A85;
				GENERATE_INFOPLIST_FILE = YES;
				IPHONEOS_DEPLOYMENT_TARGET = 17.0;
				MARKETING_VERSION = 1.0;
				PRODUCT_BUNDLE_IDENTIFIER = com.FetchChallenge.FetchChallengeTests;
				PRODUCT_NAME = "$(TARGET_NAME)";
				SWIFT_EMIT_LOC_STRINGS = NO;
				SWIFT_VERSION = 5.0;
				TARGETED_DEVICE_FAMILY = "1,2";
				TEST_HOST = "$(BUILT_PRODUCTS_DIR)/FetchChallenge.app/$(BUNDLE_EXECUTABLE_FOLDER_PATH)/FetchChallenge";
			};
			name = Debug;
		};
		3868BD392AFD66F90079CB60 /* Release */ = {
			isa = XCBuildConfiguration;
			buildSettings = {
				ALWAYS_EMBED_SWIFT_STANDARD_LIBRARIES = YES;
				BUNDLE_LOADER = "$(TEST_HOST)";
				CODE_SIGN_STYLE = Automatic;
				CURRENT_PROJECT_VERSION = 1;
				DEVELOPMENT_TEAM = P8272A4A85;
				GENERATE_INFOPLIST_FILE = YES;
				IPHONEOS_DEPLOYMENT_TARGET = 17.0;
				MARKETING_VERSION = 1.0;
				PRODUCT_BUNDLE_IDENTIFIER = com.FetchChallenge.FetchChallengeTests;
				PRODUCT_NAME = "$(TARGET_NAME)";
				SWIFT_EMIT_LOC_STRINGS = NO;
				SWIFT_VERSION = 5.0;
				TARGETED_DEVICE_FAMILY = "1,2";
				TEST_HOST = "$(BUILT_PRODUCTS_DIR)/FetchChallenge.app/$(BUNDLE_EXECUTABLE_FOLDER_PATH)/FetchChallenge";
			};
			name = Release;
		};
		3868BD3B2AFD66F90079CB60 /* Debug */ = {
			isa = XCBuildConfiguration;
			buildSettings = {
				ALWAYS_EMBED_SWIFT_STANDARD_LIBRARIES = YES;
				CODE_SIGN_STYLE = Automatic;
				CURRENT_PROJECT_VERSION = 1;
				DEVELOPMENT_TEAM = P8272A4A85;
				GENERATE_INFOPLIST_FILE = YES;
				MARKETING_VERSION = 1.0;
				PRODUCT_BUNDLE_IDENTIFIER = com.FetchChallenge.FetchChallengeUITests;
				PRODUCT_NAME = "$(TARGET_NAME)";
				SWIFT_EMIT_LOC_STRINGS = NO;
				SWIFT_VERSION = 5.0;
				TARGETED_DEVICE_FAMILY = "1,2";
				TEST_TARGET_NAME = FetchChallenge;
			};
			name = Debug;
		};
		3868BD3C2AFD66F90079CB60 /* Release */ = {
			isa = XCBuildConfiguration;
			buildSettings = {
				ALWAYS_EMBED_SWIFT_STANDARD_LIBRARIES = YES;
				CODE_SIGN_STYLE = Automatic;
				CURRENT_PROJECT_VERSION = 1;
				DEVELOPMENT_TEAM = P8272A4A85;
				GENERATE_INFOPLIST_FILE = YES;
				MARKETING_VERSION = 1.0;
				PRODUCT_BUNDLE_IDENTIFIER = com.FetchChallenge.FetchChallengeUITests;
				PRODUCT_NAME = "$(TARGET_NAME)";
				SWIFT_EMIT_LOC_STRINGS = NO;
				SWIFT_VERSION = 5.0;
				TARGETED_DEVICE_FAMILY = "1,2";
				TEST_TARGET_NAME = FetchChallenge;
			};
			name = Release;
		};
/* End XCBuildConfiguration section */

/* Begin XCConfigurationList section */
		3868BD062AFD66F70079CB60 /* Build configuration list for PBXProject "FetchChallenge" */ = {
			isa = XCConfigurationList;
			buildConfigurations = (
				3868BD322AFD66F90079CB60 /* Debug */,
				3868BD332AFD66F90079CB60 /* Release */,
			);
			defaultConfigurationIsVisible = 0;
			defaultConfigurationName = Release;
		};
		3868BD342AFD66F90079CB60 /* Build configuration list for PBXNativeTarget "FetchChallenge" */ = {
			isa = XCConfigurationList;
			buildConfigurations = (
				3868BD352AFD66F90079CB60 /* Debug */,
				3868BD362AFD66F90079CB60 /* Release */,
			);
			defaultConfigurationIsVisible = 0;
			defaultConfigurationName = Release;
		};
		3868BD372AFD66F90079CB60 /* Build configuration list for PBXNativeTarget "FetchChallengeTests" */ = {
			isa = XCConfigurationList;
			buildConfigurations = (
				3868BD382AFD66F90079CB60 /* Debug */,
				3868BD392AFD66F90079CB60 /* Release */,
			);
			defaultConfigurationIsVisible = 0;
			defaultConfigurationName = Release;
		};
		3868BD3A2AFD66F90079CB60 /* Build configuration list for PBXNativeTarget "FetchChallengeUITests" */ = {
			isa = XCConfigurationList;
			buildConfigurations = (
				3868BD3B2AFD66F90079CB60 /* Debug */,
				3868BD3C2AFD66F90079CB60 /* Release */,
			);
			defaultConfigurationIsVisible = 0;
			defaultConfigurationName = Release;
		};
/* End XCConfigurationList section */

/* Begin XCVersionGroup section */
		3868BD192AFD66F90079CB60 /* FetchChallenge.xcdatamodeld */ = {
			isa = XCVersionGroup;
			children = (
				3868BD1A2AFD66F90079CB60 /* FetchChallenge.xcdatamodel */,
			);
			currentVersion = 3868BD1A2AFD66F90079CB60 /* FetchChallenge.xcdatamodel */;
			path = FetchChallenge.xcdatamodeld;
			sourceTree = "<group>";
			versionGroupType = wrapper.xcdatamodel;
		};
/* End XCVersionGroup section */
	};
	rootObject = 3868BD032AFD66F70079CB60 /* Project object */;
}
